{
  "name": "mercy",
  "version": "0.0.0",
  "dependencies": {
    "bcrypt": {
      "version": "0.7.7",
      "from": "bcrypt@~0.7.7",
      "resolved": "https://registry.npmjs.org/bcrypt/-/bcrypt-0.7.7.tgz",
      "dependencies": {
        "bindings": {
          "version": "1.0.0",
          "from": "bindings@1.0.0",
          "resolved": "https://registry.npmjs.org/bindings/-/bindings-1.0.0.tgz"
        }
      }
    },
    "bluebird": {
      "version": "1.0.3",
      "from": "bluebird@",
      "resolved": "https://registry.npmjs.org/bluebird/-/bluebird-1.0.3.tgz"
    },
    "bookshelf": {
      "version": "0.7.9",
      "from": "bookshelf@0.7.9",
      "resolved": "https://registry.npmjs.org/bookshelf/-/bookshelf-0.7.9.tgz",
      "dependencies": {
        "backbone": {
          "version": "1.1.0",
          "from": "backbone@1.1.0",
          "resolved": "https://registry.npmjs.org/backbone/-/backbone-1.1.0.tgz"
        },
        "bluebird": {
          "version": "2.3.11",
          "from": "bluebird@^2.0.0",
          "resolved": "https://registry.npmjs.org/bluebird/-/bluebird-2.3.11.tgz"
        },
        "create-error": {
          "version": "0.3.1",
          "from": "create-error@~0.3.1",
          "resolved": "https://registry.npmjs.org/create-error/-/create-error-0.3.1.tgz"
        },
        "inflection": {
          "version": "1.5.2",
          "from": "inflection@^1.5.1",
          "resolved": "https://registry.npmjs.org/inflection/-/inflection-1.5.2.tgz"
        },
        "inherits": {
          "version": "2.0.1",
          "from": "inherits@~2.0.1"
        },
        "lodash": {
          "version": "2.4.1",
          "from": "lodash@^2.0.0"
        },
        "semver": {
          "version": "4.1.0",
          "from": "semver@^4.1.0",
          "resolved": "https://registry.npmjs.org/semver/-/semver-4.1.0.tgz"
        },
        "simple-extend": {
          "version": "0.1.0",
          "from": "simple-extend@0.1.0",
          "resolved": "https://registry.npmjs.org/simple-extend/-/simple-extend-0.1.0.tgz"
        },
        "trigger-then": {
          "version": "0.3.0",
          "from": "trigger-then@0.3.x",
          "resolved": "https://registry.npmjs.org/trigger-then/-/trigger-then-0.3.0.tgz"
        }
      }
    },
    "commander": {
      "version": "2.2.0",
      "from": "commander@",
      "resolved": "https://registry.npmjs.org/commander/-/commander-2.2.0.tgz"
    },
    "connect-mysql": {
      "version": "2.0.0",
      "from": "connect-mysql@~2.0.0",
      "resolved": "https://registry.npmjs.org/connect-mysql/-/connect-mysql-2.0.0.tgz"
    },
    "consolidate": {
      "version": "0.10.0",
      "from": "consolidate@~0.10.0",
      "resolved": "https://registry.npmjs.org/consolidate/-/consolidate-0.10.0.tgz"
    },
    "express": {
      "version": "3.4.8",
      "from": "express@~3.4.7",
      "resolved": "https://registry.npmjs.org/express/-/express-3.4.8.tgz",
      "dependencies": {
        "connect": {
          "version": "2.12.0",
          "from": "connect@2.12.0",
          "resolved": "https://registry.npmjs.org/connect/-/connect-2.12.0.tgz",
          "dependencies": {
            "batch": {
              "version": "0.5.0",
              "from": "batch@0.5.0",
              "resolved": "https://registry.npmjs.org/batch/-/batch-0.5.0.tgz"
            },
            "qs": {
              "version": "0.6.6",
              "from": "qs@0.6.6",
              "resolved": "https://registry.npmjs.org/qs/-/qs-0.6.6.tgz"
            },
            "bytes": {
              "version": "0.2.1",
              "from": "bytes@0.2.1",
              "resolved": "https://registry.npmjs.org/bytes/-/bytes-0.2.1.tgz"
            },
            "pause": {
              "version": "0.0.1",
              "from": "pause@0.0.1",
              "resolved": "https://registry.npmjs.org/pause/-/pause-0.0.1.tgz"
            },
            "uid2": {
              "version": "0.0.3",
              "from": "uid2@0.0.3",
              "resolved": "https://registry.npmjs.org/uid2/-/uid2-0.0.3.tgz"
            },
            "raw-body": {
              "version": "1.1.2",
              "from": "raw-body@1.1.2",
              "resolved": "https://registry.npmjs.org/raw-body/-/raw-body-1.1.2.tgz"
            },
            "negotiator": {
              "version": "0.3.0",
              "from": "negotiator@0.3.0",
              "resolved": "https://registry.npmjs.org/negotiator/-/negotiator-0.3.0.tgz"
            },
            "multiparty": {
              "version": "2.2.0",
              "from": "multiparty@2.2.0",
              "resolved": "https://registry.npmjs.org/multiparty/-/multiparty-2.2.0.tgz",
              "dependencies": {
                "readable-stream": {
                  "version": "1.1.10",
                  "from": "readable-stream@~1.1.9",
                  "resolved": "https://registry.npmjs.org/readable-stream/-/readable-stream-1.1.10.tgz",
                  "dependencies": {
                    "core-util-is": {
                      "version": "1.0.1",
                      "from": "core-util-is@~1.0.0",
                      "resolved": "https://registry.npmjs.org/core-util-is/-/core-util-is-1.0.1.tgz"
                    },
                    "string_decoder": {
                      "version": "0.10.24",
                      "from": "string_decoder@~0.10.x",
                      "resolved": "https://registry.npmjs.org/string_decoder/-/string_decoder-0.10.24.tgz"
                    },
                    "debuglog": {
                      "version": "0.0.2",
                      "from": "debuglog@0.0.2",
                      "resolved": "https://registry.npmjs.org/debuglog/-/debuglog-0.0.2.tgz"
                    }
                  }
                },
                "stream-counter": {
                  "version": "0.2.0",
                  "from": "stream-counter@~0.2.0",
                  "resolved": "https://registry.npmjs.org/stream-counter/-/stream-counter-0.2.0.tgz"
                }
              }
            }
          }
        },
        "commander": {
          "version": "1.3.2",
          "from": "commander@1.3.2",
          "resolved": "https://registry.npmjs.org/commander/-/commander-1.3.2.tgz",
          "dependencies": {
            "keypress": {
              "version": "0.1.0",
              "from": "keypress@0.1.x",
              "resolved": "https://registry.npmjs.org/keypress/-/keypress-0.1.0.tgz"
            }
          }
        },
        "range-parser": {
          "version": "0.0.4",
          "from": "range-parser@0.0.4",
          "resolved": "https://registry.npmjs.org/range-parser/-/range-parser-0.0.4.tgz"
        },
        "mkdirp": {
          "version": "0.3.5",
          "from": "mkdirp@0.3.5",
          "resolved": "https://registry.npmjs.org/mkdirp/-/mkdirp-0.3.5.tgz"
        },
        "cookie": {
          "version": "0.1.0",
          "from": "cookie@0.1.0",
          "resolved": "https://registry.npmjs.org/cookie/-/cookie-0.1.0.tgz"
        },
        "buffer-crc32": {
          "version": "0.2.1",
          "from": "buffer-crc32@0.2.1",
          "resolved": "https://registry.npmjs.org/buffer-crc32/-/buffer-crc32-0.2.1.tgz"
        },
        "fresh": {
          "version": "0.2.0",
          "from": "fresh@0.2.0",
          "resolved": "https://registry.npmjs.org/fresh/-/fresh-0.2.0.tgz"
        },
        "methods": {
          "version": "0.1.0",
          "from": "methods@0.1.0",
          "resolved": "https://registry.npmjs.org/methods/-/methods-0.1.0.tgz"
        },
        "send": {
          "version": "0.1.4",
          "from": "send@0.1.4",
          "resolved": "https://registry.npmjs.org/send/-/send-0.1.4.tgz",
          "dependencies": {
            "mime": {
              "version": "1.2.11",
              "from": "mime@~1.2.9",
              "resolved": "https://registry.npmjs.org/mime/-/mime-1.2.11.tgz"
            }
          }
        },
        "cookie-signature": {
          "version": "1.0.1",
          "from": "cookie-signature@1.0.1",
          "resolved": "https://registry.npmjs.org/cookie-signature/-/cookie-signature-1.0.1.tgz"
        },
        "merge-descriptors": {
          "version": "0.0.1",
          "from": "merge-descriptors@0.0.1",
          "resolved": "https://registry.npmjs.org/merge-descriptors/-/merge-descriptors-0.0.1.tgz"
        },
        "debug": {
          "version": "0.7.4",
          "from": "debug@>= 0.7.3 < 1",
          "resolved": "https://registry.npmjs.org/debug/-/debug-0.7.4.tgz"
        }
      }
    },
    "express-device": {
      "version": "0.3.10",
      "from": "express-device@^0.3.10",
      "resolved": "https://registry.npmjs.org/express-device/-/express-device-0.3.10.tgz",
      "dependencies": {
        "express-partials": {
          "version": "0.3.0",
          "from": "express-partials@>=0.1.1",
          "resolved": "https://registry.npmjs.org/express-partials/-/express-partials-0.3.0.tgz"
        }
      }
    },
    "express-flash": {
      "version": "0.0.2",
      "from": "express-flash@",
      "resolved": "https://registry.npmjs.org/express-flash/-/express-flash-0.0.2.tgz",
      "dependencies": {
        "connect-flash": {
          "version": "0.1.1",
          "from": "connect-flash@0.1.x",
          "resolved": "https://registry.npmjs.org/connect-flash/-/connect-flash-0.1.1.tgz"
        }
      }
    },
    "git-history": {
      "version": "0.0.2",
      "from": "git-history@",
      "resolved": "https://registry.npmjs.org/git-history/-/git-history-0.0.2.tgz",
      "dependencies": {
        "comandante": {
          "version": "0.0.1",
          "from": "comandante@~0.0.0",
          "resolved": "https://registry.npmjs.org/comandante/-/comandante-0.0.1.tgz",
          "dependencies": {
            "duplexer": {
              "version": "0.0.4",
              "from": "duplexer@~0.0.2",
              "resolved": "https://registry.npmjs.org/duplexer/-/duplexer-0.0.4.tgz"
            }
          }
        },
        "through": {
          "version": "1.1.2",
          "from": "through@~1.1.0",
          "resolved": "https://registry.npmjs.org/through/-/through-1.1.2.tgz"
        },
        "split": {
          "version": "0.2.10",
          "from": "split@~0.2.10",
          "resolved": "https://registry.npmjs.org/split/-/split-0.2.10.tgz",
          "dependencies": {
            "through": {
              "version": "2.3.4",
              "from": "through@2",
              "resolved": "https://registry.npmjs.org/through/-/through-2.3.4.tgz"
            }
          }
        }
      }
    },
    "heapdump": {
      "version": "0.2.9",
      "from": "heapdump@",
      "resolved": "https://registry.npmjs.org/heapdump/-/heapdump-0.2.9.tgz"
    },
    "i18n-abide": {
      "version": "0.0.16",
      "from": "i18n-abide@0.0.16",
      "resolved": "https://registry.npmjs.org/i18n-abide/-/i18n-abide-0.0.16.tgz",
      "dependencies": {
        "async": {
          "version": "0.1.22",
          "from": "async@0.1.22",
          "resolved": "https://registry.npmjs.org/async/-/async-0.1.22.tgz"
        },
        "gobbledygook": {
          "version": "0.0.3",
          "from": "gobbledygook@0.0.3",
          "resolved": "https://registry.npmjs.org/gobbledygook/-/gobbledygook-0.0.3.tgz"
        },
        "jsxgettext": {
          "version": "0.3.3",
          "from": "jsxgettext@0.3.3",
          "resolved": "https://registry.npmjs.org/jsxgettext/-/jsxgettext-0.3.3.tgz",
          "dependencies": {
            "escodegen": {
              "version": "0.0.23",
              "from": "escodegen@0.0.23",
              "resolved": "https://registry.npmjs.org/escodegen/-/escodegen-0.0.23.tgz",
              "dependencies": {
                "estraverse": {
                  "version": "0.0.4",
                  "from": "estraverse@~0.0.4",
                  "resolved": "https://registry.npmjs.org/estraverse/-/estraverse-0.0.4.tgz"
                },
                "source-map": {
                  "version": "0.1.31",
                  "from": "source-map@>= 0.1.2",
                  "resolved": "https://registry.npmjs.org/source-map/-/source-map-0.1.31.tgz",
                  "dependencies": {
                    "amdefine": {
                      "version": "0.1.0",
                      "from": "amdefine@>=0.0.4",
                      "resolved": "https://registry.npmjs.org/amdefine/-/amdefine-0.1.0.tgz"
                    }
                  }
                }
              }
            },
            "esprima": {
              "version": "1.0.3",
              "from": "esprima@1.0.3",
              "resolved": "https://registry.npmjs.org/esprima/-/esprima-1.0.3.tgz"
            },
            "estraverse": {
              "version": "1.1.2-1",
              "from": "estraverse@1.1.2-1",
              "resolved": "https://registry.npmjs.org/estraverse/-/estraverse-1.1.2-1.tgz"
            },
            "gettext-parser": {
              "version": "0.1.10",
              "from": "gettext-parser@0.1.10",
              "resolved": "https://registry.npmjs.org/gettext-parser/-/gettext-parser-0.1.10.tgz",
              "dependencies": {
                "encoding": {
                  "version": "0.1.7",
                  "from": "encoding@~0.1",
                  "resolved": "https://registry.npmjs.org/encoding/-/encoding-0.1.7.tgz",
                  "dependencies": {
                    "iconv-lite": {
                      "version": "0.2.11",
                      "from": "iconv-lite@~0.2.11",
                      "resolved": "https://registry.npmjs.org/iconv-lite/-/iconv-lite-0.2.11.tgz"
                    }
                  }
                },
                "iconv": {
                  "version": "2.0.7",
                  "from": "iconv@*",
                  "resolved": "https://registry.npmjs.org/iconv/-/iconv-2.0.7.tgz"
                }
              }
            },
            "nomnom": {
              "version": "1.5.2",
              "from": "nomnom@1.5.2",
              "resolved": "https://registry.npmjs.org/nomnom/-/nomnom-1.5.2.tgz",
              "dependencies": {
                "underscore": {
                  "version": "1.1.7",
                  "from": "underscore@1.1.x",
                  "resolved": "https://registry.npmjs.org/underscore/-/underscore-1.1.7.tgz"
                },
                "colors": {
                  "version": "0.5.1",
                  "from": "colors@0.5.x",
                  "resolved": "https://registry.npmjs.org/colors/-/colors-0.5.1.tgz"
                }
              }
            },
            "jade": {
              "version": "0.30.0",
              "from": "jade@0.30.0",
              "resolved": "https://registry.npmjs.org/jade/-/jade-0.30.0.tgz",
              "dependencies": {
                "commander": {
                  "version": "1.1.1",
                  "from": "commander@~1.1.1",
                  "resolved": "https://registry.npmjs.org/commander/-/commander-1.1.1.tgz",
                  "dependencies": {
                    "keypress": {
                      "version": "0.1.0",
                      "from": "keypress@0.1.x",
                      "resolved": "https://registry.npmjs.org/keypress/-/keypress-0.1.0.tgz"
                    }
                  }
                },
                "mkdirp": {
                  "version": "0.3.5",
                  "from": "mkdirp@0.3.x",
                  "resolved": "https://registry.npmjs.org/mkdirp/-/mkdirp-0.3.5.tgz"
                },
                "transformers": {
                  "version": "2.0.1",
                  "from": "transformers@~2.0.1",
                  "resolved": "https://registry.npmjs.org/transformers/-/transformers-2.0.1.tgz",
                  "dependencies": {
                    "promise": {
                      "version": "2.0.0",
                      "from": "promise@~2.0",
                      "resolved": "https://registry.npmjs.org/promise/-/promise-2.0.0.tgz",
                      "dependencies": {
                        "is-promise": {
                          "version": "1.0.0",
                          "from": "is-promise@~1",
                          "resolved": "https://registry.npmjs.org/is-promise/-/is-promise-1.0.0.tgz"
                        }
                      }
                    },
                    "css": {
                      "version": "1.0.8",
                      "from": "css@~1.0.8",
                      "resolved": "https://registry.npmjs.org/css/-/css-1.0.8.tgz",
                      "dependencies": {
                        "css-parse": {
                          "version": "1.0.4",
                          "from": "css-parse@1.0.4",
                          "resolved": "https://registry.npmjs.org/css-parse/-/css-parse-1.0.4.tgz"
                        },
                        "css-stringify": {
                          "version": "1.0.5",
                          "from": "css-stringify@1.0.5",
                          "resolved": "https://registry.npmjs.org/css-stringify/-/css-stringify-1.0.5.tgz"
                        }
                      }
                    },
                    "uglify-js": {
                      "version": "2.2.5",
                      "from": "uglify-js@~2.2.5",
                      "resolved": "https://registry.npmjs.org/uglify-js/-/uglify-js-2.2.5.tgz",
                      "dependencies": {
                        "source-map": {
                          "version": "0.1.31",
                          "from": "source-map@~0.1.7",
                          "resolved": "https://registry.npmjs.org/source-map/-/source-map-0.1.31.tgz",
                          "dependencies": {
                            "amdefine": {
                              "version": "0.1.0",
                              "from": "amdefine@>=0.0.4",
                              "resolved": "https://registry.npmjs.org/amdefine/-/amdefine-0.1.0.tgz"
                            }
                          }
                        },
                        "optimist": {
                          "version": "0.3.7",
                          "from": "optimist@~0.3.5",
                          "resolved": "https://registry.npmjs.org/optimist/-/optimist-0.3.7.tgz",
                          "dependencies": {
                            "wordwrap": {
                              "version": "0.0.2",
                              "from": "wordwrap@~0.0.2",
                              "resolved": "https://registry.npmjs.org/wordwrap/-/wordwrap-0.0.2.tgz"
                            }
                          }
                        }
                      }
                    }
                  }
                },
                "character-parser": {
                  "version": "1.0.2",
                  "from": "character-parser@~1.0.0",
                  "resolved": "https://registry.npmjs.org/character-parser/-/character-parser-1.0.2.tgz"
                },
                "monocle": {
                  "version": "0.1.50",
                  "from": "monocle@~0.1.46",
                  "resolved": "https://registry.npmjs.org/monocle/-/monocle-0.1.50.tgz",
                  "dependencies": {
                    "readdirp": {
                      "version": "0.2.5",
                      "from": "readdirp@~0.2.3",
                      "resolved": "https://registry.npmjs.org/readdirp/-/readdirp-0.2.5.tgz",
                      "dependencies": {
                        "minimatch": {
                          "version": "0.2.14",
                          "from": "minimatch@>=0.2.4",
                          "resolved": "https://registry.npmjs.org/minimatch/-/minimatch-0.2.14.tgz",
                          "dependencies": {
                            "lru-cache": {
                              "version": "2.5.0",
                              "from": "lru-cache@2",
                              "resolved": "https://registry.npmjs.org/lru-cache/-/lru-cache-2.5.0.tgz"
                            },
                            "sigmund": {
                              "version": "1.0.0",
                              "from": "sigmund@~1.0.0",
                              "resolved": "https://registry.npmjs.org/sigmund/-/sigmund-1.0.0.tgz"
                            }
                          }
                        }
                      }
                    }
                  }
                }
              }
            }
          }
        },
        "optimist": {
          "version": "0.3.4",
          "from": "optimist@0.3.4",
          "resolved": "https://registry.npmjs.org/optimist/-/optimist-0.3.4.tgz",
          "dependencies": {
            "wordwrap": {
              "version": "0.0.2",
              "from": "wordwrap@~0.0.2",
              "resolved": "https://registry.npmjs.org/wordwrap/-/wordwrap-0.0.2.tgz"
            }
          }
        },
        "plist": {
          "version": "0.4.3",
          "from": "plist@0.4.3",
          "resolved": "https://registry.npmjs.org/plist/-/plist-0.4.3.tgz",
          "dependencies": {
            "xmlbuilder": {
              "version": "0.4.3",
              "from": "xmlbuilder@0.4.x",
              "resolved": "https://registry.npmjs.org/xmlbuilder/-/xmlbuilder-0.4.3.tgz"
            },
            "xmldom": {
              "version": "0.1.18",
              "from": "xmldom@0.1.x",
              "resolved": "https://registry.npmjs.org/xmldom/-/xmldom-0.1.18.tgz"
            }
          }
        }
      }
    },
    "jade": {
      "version": "0.35.0",
      "from": "jade@~0.35.0",
      "resolved": "https://registry.npmjs.org/jade/-/jade-0.35.0.tgz",
      "dependencies": {
        "commander": {
          "version": "2.0.0",
          "from": "commander@2.0.0",
          "resolved": "https://registry.npmjs.org/commander/-/commander-2.0.0.tgz"
        },
        "mkdirp": {
          "version": "0.3.5",
          "from": "mkdirp@0.3.x",
          "resolved": "https://registry.npmjs.org/mkdirp/-/mkdirp-0.3.5.tgz"
        },
        "transformers": {
          "version": "2.1.0",
          "from": "transformers@2.1.0",
          "resolved": "https://registry.npmjs.org/transformers/-/transformers-2.1.0.tgz",
          "dependencies": {
            "promise": {
              "version": "2.0.0",
              "from": "promise@~2.0",
              "resolved": "https://registry.npmjs.org/promise/-/promise-2.0.0.tgz",
              "dependencies": {
                "is-promise": {
                  "version": "1.0.0",
                  "from": "is-promise@~1",
                  "resolved": "https://registry.npmjs.org/is-promise/-/is-promise-1.0.0.tgz"
                }
              }
            },
            "css": {
              "version": "1.0.8",
              "from": "css@~1.0.8",
              "resolved": "https://registry.npmjs.org/css/-/css-1.0.8.tgz",
              "dependencies": {
                "css-parse": {
                  "version": "1.0.4",
                  "from": "css-parse@1.0.4",
                  "resolved": "https://registry.npmjs.org/css-parse/-/css-parse-1.0.4.tgz"
                },
                "css-stringify": {
                  "version": "1.0.5",
                  "from": "css-stringify@1.0.5",
                  "resolved": "https://registry.npmjs.org/css-stringify/-/css-stringify-1.0.5.tgz"
                }
              }
            },
            "uglify-js": {
              "version": "2.2.5",
              "from": "uglify-js@~2.2.5",
              "resolved": "https://registry.npmjs.org/uglify-js/-/uglify-js-2.2.5.tgz",
              "dependencies": {
                "source-map": {
                  "version": "0.1.31",
                  "from": "source-map@~0.1.7",
                  "resolved": "https://registry.npmjs.org/source-map/-/source-map-0.1.31.tgz",
                  "dependencies": {
                    "amdefine": {
                      "version": "0.1.0",
                      "from": "amdefine@>=0.0.4",
                      "resolved": "https://registry.npmjs.org/amdefine/-/amdefine-0.1.0.tgz"
                    }
                  }
                },
                "optimist": {
                  "version": "0.3.7",
                  "from": "optimist@~0.3.5",
                  "resolved": "https://registry.npmjs.org/optimist/-/optimist-0.3.7.tgz",
                  "dependencies": {
                    "wordwrap": {
                      "version": "0.0.2",
                      "from": "wordwrap@~0.0.2",
                      "resolved": "https://registry.npmjs.org/wordwrap/-/wordwrap-0.0.2.tgz"
                    }
                  }
                }
              }
            }
          }
        },
        "character-parser": {
          "version": "1.2.0",
          "from": "character-parser@1.2.0",
          "resolved": "https://registry.npmjs.org/character-parser/-/character-parser-1.2.0.tgz"
        },
        "monocle": {
          "version": "1.1.50",
          "from": "monocle@1.1.50",
          "resolved": "https://registry.npmjs.org/monocle/-/monocle-1.1.50.tgz",
          "dependencies": {
            "readdirp": {
              "version": "0.2.5",
              "from": "readdirp@~0.2.3",
              "resolved": "https://registry.npmjs.org/readdirp/-/readdirp-0.2.5.tgz",
              "dependencies": {
                "minimatch": {
                  "version": "0.2.14",
                  "from": "minimatch@>=0.2.4",
                  "resolved": "https://registry.npmjs.org/minimatch/-/minimatch-0.2.14.tgz",
                  "dependencies": {
                    "lru-cache": {
                      "version": "2.5.0",
                      "from": "lru-cache@2",
                      "resolved": "https://registry.npmjs.org/lru-cache/-/lru-cache-2.5.0.tgz"
                    },
                    "sigmund": {
                      "version": "1.0.0",
                      "from": "sigmund@~1.0.0",
                      "resolved": "https://registry.npmjs.org/sigmund/-/sigmund-1.0.0.tgz"
                    }
                  }
                }
              }
            }
          }
        },
        "with": {
          "version": "1.1.1",
          "from": "with@~1.1.0",
          "resolved": "https://registry.npmjs.org/with/-/with-1.1.1.tgz",
          "dependencies": {
            "uglify-js": {
              "version": "2.4.0",
              "from": "uglify-js@2.4.0",
              "resolved": "https://registry.npmjs.org/uglify-js/-/uglify-js-2.4.0.tgz",
              "dependencies": {
                "async": {
                  "version": "0.2.10",
                  "from": "async@~0.2.6",
                  "resolved": "https://registry.npmjs.org/async/-/async-0.2.10.tgz"
                },
                "source-map": {
                  "version": "0.1.31",
                  "from": "source-map@~0.1.7",
                  "resolved": "https://registry.npmjs.org/source-map/-/source-map-0.1.31.tgz",
                  "dependencies": {
                    "amdefine": {
                      "version": "0.1.0",
                      "from": "amdefine@>=0.0.4",
                      "resolved": "https://registry.npmjs.org/amdefine/-/amdefine-0.1.0.tgz"
                    }
                  }
                },
                "optimist": {
                  "version": "0.3.7",
                  "from": "optimist@~0.3.5",
                  "resolved": "https://registry.npmjs.org/optimist/-/optimist-0.3.7.tgz",
                  "dependencies": {
                    "wordwrap": {
                      "version": "0.0.2",
                      "from": "wordwrap@~0.0.2",
                      "resolved": "https://registry.npmjs.org/wordwrap/-/wordwrap-0.0.2.tgz"
                    }
                  }
                },
                "uglify-to-browserify": {
                  "version": "1.0.1",
                  "from": "uglify-to-browserify@~1.0.0",
                  "resolved": "https://registry.npmjs.org/uglify-to-browserify/-/uglify-to-browserify-1.0.1.tgz"
                }
              }
            }
          }
        },
        "constantinople": {
          "version": "1.0.2",
          "from": "constantinople@~1.0.1",
          "resolved": "https://registry.npmjs.org/constantinople/-/constantinople-1.0.2.tgz",
          "dependencies": {
            "uglify-js": {
              "version": "2.4.12",
              "from": "uglify-js@~2.4.0",
              "resolved": "https://registry.npmjs.org/uglify-js/-/uglify-js-2.4.12.tgz",
              "dependencies": {
                "async": {
                  "version": "0.2.10",
                  "from": "async@~0.2.6",
                  "resolved": "https://registry.npmjs.org/async/-/async-0.2.10.tgz"
                },
                "source-map": {
                  "version": "0.1.31",
                  "from": "source-map@~0.1.7",
                  "resolved": "https://registry.npmjs.org/source-map/-/source-map-0.1.31.tgz",
                  "dependencies": {
                    "amdefine": {
                      "version": "0.1.0",
                      "from": "amdefine@>=0.0.4",
                      "resolved": "https://registry.npmjs.org/amdefine/-/amdefine-0.1.0.tgz"
                    }
                  }
                },
                "optimist": {
                  "version": "0.3.7",
                  "from": "optimist@~0.3.5",
                  "resolved": "https://registry.npmjs.org/optimist/-/optimist-0.3.7.tgz",
                  "dependencies": {
                    "wordwrap": {
                      "version": "0.0.2",
                      "from": "wordwrap@~0.0.2",
                      "resolved": "https://registry.npmjs.org/wordwrap/-/wordwrap-0.0.2.tgz"
                    }
                  }
                },
                "uglify-to-browserify": {
                  "version": "1.0.1",
                  "from": "uglify-to-browserify@~1.0.0",
                  "resolved": "https://registry.npmjs.org/uglify-to-browserify/-/uglify-to-browserify-1.0.1.tgz"
                }
              }
            }
          }
        }
      }
    },
    "knex": {
      "version": "0.6.22",
      "from": "knex@0.6.22",
      "resolved": "https://registry.npmjs.org/knex/-/knex-0.6.22.tgz",
      "dependencies": {
        "minimist": {
          "version": "0.0.10",
          "from": "minimist@~0.0.9",
          "resolved": "https://registry.npmjs.org/minimist/-/minimist-0.0.10.tgz"
        },
        "bluebird": {
          "version": "1.2.4",
          "from": "bluebird@1.2.x",
          "resolved": "https://registry.npmjs.org/bluebird/-/bluebird-1.2.4.tgz"
        },
        "chalk": {
          "version": "0.4.0",
          "from": "chalk@^0.4.0",
          "dependencies": {
            "has-color": {
              "version": "0.1.7",
              "from": "has-color@~0.1.0"
            },
            "ansi-styles": {
              "version": "1.0.0",
              "from": "ansi-styles@~1.0.0"
            },
            "strip-ansi": {
              "version": "0.1.1",
              "from": "strip-ansi@~0.1.0"
            }
          }
        },
        "interpret": {
          "version": "0.3.8",
          "from": "interpret@^0.3.2",
          "resolved": "https://registry.npmjs.org/interpret/-/interpret-0.3.8.tgz"
        },
        "liftoff": {
          "version": "0.11.3",
          "from": "liftoff@^0.11.0",
          "resolved": "https://registry.npmjs.org/liftoff/-/liftoff-0.11.3.tgz",
          "dependencies": {
            "findup-sync": {
              "version": "0.1.3",
              "from": "findup-sync@~0.1.2",
              "dependencies": {
                "glob": {
                  "version": "3.2.11",
                  "from": "glob@~3.2.9",
                  "resolved": "https://registry.npmjs.org/glob/-/glob-3.2.11.tgz",
                  "dependencies": {
                    "minimatch": {
                      "version": "0.3.0",
                      "from": "minimatch@0.3",
                      "resolved": "https://registry.npmjs.org/minimatch/-/minimatch-0.3.0.tgz",
                      "dependencies": {
                        "lru-cache": {
                          "version": "2.5.0",
                          "from": "lru-cache@2"
                        },
                        "sigmund": {
                          "version": "1.0.0",
                          "from": "sigmund@~1.0.0"
                        }
                      }
                    }
                  }
                }
              }
            },
            "resolve": {
              "version": "0.7.4",
              "from": "resolve@~0.7.0",
              "resolved": "https://registry.npmjs.org/resolve/-/resolve-0.7.4.tgz"
            },
            "minimist": {
              "version": "0.1.0",
              "from": "minimist@~0.1.0",
              "resolved": "https://registry.npmjs.org/minimist/-/minimist-0.1.0.tgz"
            },
            "extend": {
              "version": "1.2.1",
              "from": "extend@~1.2.1",
              "resolved": "https://registry.npmjs.org/extend/-/extend-1.2.1.tgz"
            }
          }
        },
        "semver": {
          "version": "2.3.2",
          "from": "semver@^2.3.0",
          "resolved": "https://registry.npmjs.org/semver/-/semver-2.3.2.tgz"
        },
        "tildify": {
          "version": "0.2.0",
          "from": "tildify@^0.2.0",
          "resolved": "https://registry.npmjs.org/tildify/-/tildify-0.2.0.tgz"
        },
        "generic-pool-redux": {
          "version": "0.1.0",
          "from": "generic-pool-redux@~0.1.0"
        },
        "inherits": {
          "version": "2.0.1",
          "from": "inherits@~2.0.1"
        },
        "lodash": {
          "version": "2.4.1",
          "from": "lodash@~2.4.0"
        },
        "mkdirp": {
          "version": "0.5.0",
          "from": "mkdirp@^0.5.0",
          "resolved": "https://registry.npmjs.org/mkdirp/-/mkdirp-0.5.0.tgz",
          "dependencies": {
            "minimist": {
              "version": "0.0.8",
              "from": "minimist@0.0.8",
              "resolved": "https://registry.npmjs.org/minimist/-/minimist-0.0.8.tgz"
            }
          }
        },
        "readable-stream": {
          "version": "1.1.13",
          "from": "readable-stream@^1.1.12",
          "resolved": "https://registry.npmjs.org/readable-stream/-/readable-stream-1.1.13.tgz",
          "dependencies": {
            "core-util-is": {
              "version": "1.0.1",
              "from": "core-util-is@~1.0.0"
            },
            "isarray": {
              "version": "0.0.1",
              "from": "isarray@0.0.1",
              "resolved": "https://registry.npmjs.org/isarray/-/isarray-0.0.1.tgz"
            },
            "string_decoder": {
              "version": "0.10.31",
              "from": "string_decoder@~0.10.x",
              "resolved": "https://registry.npmjs.org/string_decoder/-/string_decoder-0.10.31.tgz"
            }
          }
        }
      }
    },
    "moment": {
      "version": "2.8.4",
      "from": "moment@2.8.4",
      "resolved": "https://registry.npmjs.org/moment/-/moment-2.8.4.tgz"
    },
    "mysql": {
      "version": "2.0.1",
      "from": "mysql@~2.0.0-rc2",
      "resolved": "https://registry.npmjs.org/mysql/-/mysql-2.0.1.tgz",
      "dependencies": {
        "require-all": {
          "version": "0.0.3",
          "from": "require-all@0.0.3",
          "resolved": "https://registry.npmjs.org/require-all/-/require-all-0.0.3.tgz"
        },
        "bignumber.js": {
          "version": "1.0.1",
          "from": "bignumber.js@1.0.1",
          "resolved": "https://registry.npmjs.org/bignumber.js/-/bignumber.js-1.0.1.tgz"
        },
        "readable-stream": {
          "version": "1.1.10",
          "from": "readable-stream@~1.1.9",
          "resolved": "https://registry.npmjs.org/readable-stream/-/readable-stream-1.1.10.tgz",
          "dependencies": {
            "core-util-is": {
              "version": "1.0.1",
              "from": "core-util-is@~1.0.0",
              "resolved": "https://registry.npmjs.org/core-util-is/-/core-util-is-1.0.1.tgz"
            },
            "string_decoder": {
              "version": "0.10.24",
              "from": "string_decoder@~0.10.x",
              "resolved": "https://registry.npmjs.org/string_decoder/-/string_decoder-0.10.24.tgz"
            },
            "debuglog": {
              "version": "0.0.2",
              "from": "debuglog@0.0.2",
              "resolved": "https://registry.npmjs.org/debuglog/-/debuglog-0.0.2.tgz"
            }
          }
        }
      }
    },
    "node-cache": {
      "version": "0.4.1",
      "from": "node-cache@",
      "resolved": "https://registry.npmjs.org/node-cache/-/node-cache-0.4.1.tgz"
    },
    "passport": {
      "version": "0.1.18",
      "from": "passport@~0.1.18",
      "resolved": "https://registry.npmjs.org/passport/-/passport-0.1.18.tgz",
      "dependencies": {
        "pkginfo": {
          "version": "0.2.3",
          "from": "pkginfo@0.2.x",
          "resolved": "https://registry.npmjs.org/pkginfo/-/pkginfo-0.2.3.tgz"
        },
        "pause": {
          "version": "0.0.1",
          "from": "pause@0.0.1",
          "resolved": "https://registry.npmjs.org/pause/-/pause-0.0.1.tgz"
        }
      }
    },
    "passport-local": {
      "version": "0.1.6",
      "from": "passport-local@~0.1.6",
      "resolved": "https://registry.npmjs.org/passport-local/-/passport-local-0.1.6.tgz",
      "dependencies": {
        "pkginfo": {
          "version": "0.2.3",
          "from": "pkginfo@0.2.x",
          "resolved": "https://registry.npmjs.org/pkginfo/-/pkginfo-0.2.3.tgz"
        }
      }
    },
    "pdfkit": {
      "version": "0.6.2",
      "from": "pdfkit@",
      "resolved": "https://registry.npmjs.org/pdfkit/-/pdfkit-0.6.2.tgz",
      "dependencies": {
        "png-js": {
          "version": "0.1.1",
          "from": "png-js@>=0.1.0",
          "resolved": "https://registry.npmjs.org/png-js/-/png-js-0.1.1.tgz"
        },
        "linebreak": {
          "version": "0.1.0",
          "from": "linebreak@~0.1.0",
          "resolved": "https://registry.npmjs.org/linebreak/-/linebreak-0.1.0.tgz"
        }
      }
    },
    "recluster": {
      "version": "0.3.6",
      "from": "recluster@",
      "resolved": "https://registry.npmjs.org/recluster/-/recluster-0.3.6.tgz"
    },
    "underscore": {
      "version": "1.7.0",
      "from": "underscore@~1.7.0",
      "resolved": "https://registry.npmjs.org/underscore/-/underscore-1.7.0.tgz"
    },
    "validator": {
      "version": "3.1.0",
      "from": "validator@~3.1.0",
      "resolved": "https://registry.npmjs.org/validator/-/validator-3.1.0.tgz"
    }
  }
}
